
Microsoft Visual Studio Solution File, Format Version 12.00
# Visual Studio 15
VisualStudioVersion = 15.0.28307.852
MinimumVisualStudioVersion = 10.0.40219.1
Project("{FAE04EC0-301F-11D3-BF4B-00C04F79EFBC}") = "Soft", "Soft\Soft.csproj", "{0C4856E4-F932-4B8A-A5FA-AD9256017614}"
EndProject
Project("{FAE04EC0-301F-11D3-BF4B-00C04F79EFBC}") = "BusinessLayer", "BusinessLayer\BusinessLayer.csproj", "{6A8DE9C0-6BCC-49C0-89F9-777980771AA7}"
EndProject
Project("{FAE04EC0-301F-11D3-BF4B-00C04F79EFBC}") = "DataLayer", "DataLayer\DataLayer.csproj", "{5D9B8C63-DB43-4F35-8450-6240828F7408}"
EndProject
Global
	GlobalSection(SolutionConfigurationPlatforms) = preSolution
		Debug|Any CPU = Debug|Any CPU
		Release|Any CPU = Release|Any CPU
	EndGlobalSection
	GlobalSection(ProjectConfigurationPlatforms) = postSolution
		{0C4856E4-F932-4B8A-A5FA-AD9256017614}.Debug|Any CPU.ActiveCfg = Debug|Any CPU
		{0C4856E4-F932-4B8A-A5FA-AD9256017614}.Debug|Any CPU.Build.0 = Debug|Any CPU
		{0C4856E4-F932-4B8A-A5FA-AD9256017614}.Release|Any CPU.ActiveCfg = Release|Any CPU
		{0C4856E4-F932-4B8A-A5FA-AD9256017614}.Release|Any CPU.Build.0 = Release|Any CPU
		{6A8DE9C0-6BCC-49C0-89F9-777980771AA7}.Debug|Any CPU.ActiveCfg = Debug|Any CPU
		{6A8DE9C0-6BCC-49C0-89F9-777980771AA7}.Debug|Any CPU.Build.0 = Debug|Any CPU
		{6A8DE9C0-6BCC-49C0-89F9-777980771AA7}.Release|Any CPU.ActiveCfg = Release|Any CPU
		{6A8DE9C0-6BCC-49C0-89F9-777980771AA7}.Release|Any CPU.Build.0 = Release|Any CPU
		{5D9B8C63-DB43-4F35-8450-6240828F7408}.Debug|Any CPU.ActiveCfg = Debug|Any CPU
		{5D9B8C63-DB43-4F35-8450-6240828F7408}.Debug|Any CPU.Build.0 = Debug|Any CPU
		{5D9B8C63-DB43-4F35-8450-6240828F7408}.Release|Any CPU.ActiveCfg = Release|Any CPU
		{5D9B8C63-DB43-4F35-8450-6240828F7408}.Release|Any CPU.Build.0 = Release|Any CPU
	EndGlobalSection
	GlobalSection(SolutionProperties) = preSolution
		HideSolutionNode = FALSE
	EndGlobalSection
	GlobalSection(ExtensibilityGlobals) = postSolution
		SolutionGuid = {2DF5773E-AAA2-47DA-A038-0212C55E54C3}
	EndGlobalSection
EndGlobal
